
Microsoft Visual Studio Solution File, Format Version 12.00
# Visual Studio Version 17
VisualStudioVersion = 17.13.35806.99 d17.13
MinimumVisualStudioVersion = 10.0.40219.1
Project("{FAE04EC0-301F-11D3-BF4B-00C04F79EFBC}") = "Lab2", "Lab2\Lab2.csproj", "{EF4F5BF3-71B1-4B89-AA72-29BA5FEFC684}"
EndProject
Global
	GlobalSection(SolutionConfigurationPlatforms) = preSolution
		Debug|Any CPU = Debug|Any CPU
		Release|Any CPU = Release|Any CPU
	EndGlobalSection
	GlobalSection(ProjectConfigurationPlatforms) = postSolution
		{EF4F5BF3-71B1-4B89-AA72-29BA5FEFC684}.Debug|Any CPU.ActiveCfg = Debug|Any CPU
		{EF4F5BF3-71B1-4B89-AA72-29BA5FEFC684}.Debug|Any CPU.Build.0 = Debug|Any CPU
		{EF4F5BF3-71B1-4B89-AA72-29BA5FEFC684}.Release|Any CPU.ActiveCfg = Release|Any CPU
		{EF4F5BF3-71B1-4B89-AA72-29BA5FEFC684}.Release|Any CPU.Build.0 = Release|Any CPU
	EndGlobalSection
	GlobalSection(SolutionProperties) = preSolution
		HideSolutionNode = FALSE
	EndGlobalSection
	GlobalSection(ExtensibilityGlobals) = postSolution
		SolutionGuid = {DAAFF711-3F32-43C6-93B7-774564B1F3BF}
	EndGlobalSection
EndGlobal
