
Microsoft Visual Studio Solution File, Format Version 12.00
# Visual Studio Version 17
VisualStudioVersion = 17.13.35806.99 d17.13
MinimumVisualStudioVersion = 10.0.40219.1
Project("{FAE04EC0-301F-11D3-BF4B-00C04F79EFBC}") = "Lab.2.3c#", "Lab.2.3c#\Lab.2.3c#.csproj", "{4DB81A0C-2AB9-4833-9048-6B2F6612CECC}"
EndProject
Global
	GlobalSection(SolutionConfigurationPlatforms) = preSolution
		Debug|Any CPU = Debug|Any CPU
		Release|Any CPU = Release|Any CPU
	EndGlobalSection
	GlobalSection(ProjectConfigurationPlatforms) = postSolution
		{4DB81A0C-2AB9-4833-9048-6B2F6612CECC}.Debug|Any CPU.ActiveCfg = Debug|Any CPU
		{4DB81A0C-2AB9-4833-9048-6B2F6612CECC}.Debug|Any CPU.Build.0 = Debug|Any CPU
		{4DB81A0C-2AB9-4833-9048-6B2F6612CECC}.Release|Any CPU.ActiveCfg = Release|Any CPU
		{4DB81A0C-2AB9-4833-9048-6B2F6612CECC}.Release|Any CPU.Build.0 = Release|Any CPU
	EndGlobalSection
	GlobalSection(SolutionProperties) = preSolution
		HideSolutionNode = FALSE
	EndGlobalSection
	GlobalSection(ExtensibilityGlobals) = postSolution
		SolutionGuid = {2997F69D-017F-4C0A-8199-2A03E6DD533A}
	EndGlobalSection
EndGlobal
