
Microsoft Visual Studio Solution File, Format Version 12.00
# Visual Studio Version 17
VisualStudioVersion = 17.13.35806.99 d17.13
MinimumVisualStudioVersion = 10.0.40219.1
Project("{FAE04EC0-301F-11D3-BF4B-00C04F79EFBC}") = "Lab2.4c#", "Lab2.4c#\Lab2.4c#.csproj", "{92FB6A43-4A98-4EEA-96C0-C69F0345882B}"
EndProject
Global
	GlobalSection(SolutionConfigurationPlatforms) = preSolution
		Debug|Any CPU = Debug|Any CPU
		Release|Any CPU = Release|Any CPU
	EndGlobalSection
	GlobalSection(ProjectConfigurationPlatforms) = postSolution
		{92FB6A43-4A98-4EEA-96C0-C69F0345882B}.Debug|Any CPU.ActiveCfg = Debug|Any CPU
		{92FB6A43-4A98-4EEA-96C0-C69F0345882B}.Debug|Any CPU.Build.0 = Debug|Any CPU
		{92FB6A43-4A98-4EEA-96C0-C69F0345882B}.Release|Any CPU.ActiveCfg = Release|Any CPU
		{92FB6A43-4A98-4EEA-96C0-C69F0345882B}.Release|Any CPU.Build.0 = Release|Any CPU
	EndGlobalSection
	GlobalSection(SolutionProperties) = preSolution
		HideSolutionNode = FALSE
	EndGlobalSection
	GlobalSection(ExtensibilityGlobals) = postSolution
		SolutionGuid = {41887EFA-A0FE-44F2-8C50-7A1C27EE5852}
	EndGlobalSection
EndGlobal
