
Microsoft Visual Studio Solution File, Format Version 12.00
# Visual Studio Version 17
VisualStudioVersion = 17.11.35222.181
MinimumVisualStudioVersion = 10.0.40219.1
Project("{8BC9CEB8-8B4A-11D0-8D11-00A0C91BC942}") = "example1", "example1\example1.vcxproj", "{2F6C1977-02C4-44AB-A49F-AE24561003FD}"
EndProject
Project("{8BC9CEB8-8B4A-11D0-8D11-00A0C91BC942}") = "example 2", "example 2\example 2.vcxproj", "{B84034A3-72EF-49E7-95A2-EC6E0BDD8EFB}"
EndProject
Global
	GlobalSection(SolutionConfigurationPlatforms) = preSolution
		Debug|x64 = Debug|x64
		Debug|x86 = Debug|x86
		Release|x64 = Release|x64
		Release|x86 = Release|x86
	EndGlobalSection
	GlobalSection(ProjectConfigurationPlatforms) = postSolution
		{2F6C1977-02C4-44AB-A49F-AE24561003FD}.Debug|x64.ActiveCfg = Debug|x64
		{2F6C1977-02C4-44AB-A49F-AE24561003FD}.Debug|x64.Build.0 = Debug|x64
		{2F6C1977-02C4-44AB-A49F-AE24561003FD}.Debug|x86.ActiveCfg = Debug|Win32
		{2F6C1977-02C4-44AB-A49F-AE24561003FD}.Debug|x86.Build.0 = Debug|Win32
		{2F6C1977-02C4-44AB-A49F-AE24561003FD}.Release|x64.ActiveCfg = Release|x64
		{2F6C1977-02C4-44AB-A49F-AE24561003FD}.Release|x64.Build.0 = Release|x64
		{2F6C1977-02C4-44AB-A49F-AE24561003FD}.Release|x86.ActiveCfg = Release|Win32
		{2F6C1977-02C4-44AB-A49F-AE24561003FD}.Release|x86.Build.0 = Release|Win32
		{B84034A3-72EF-49E7-95A2-EC6E0BDD8EFB}.Debug|x64.ActiveCfg = Debug|x64
		{B84034A3-72EF-49E7-95A2-EC6E0BDD8EFB}.Debug|x64.Build.0 = Debug|x64
		{B84034A3-72EF-49E7-95A2-EC6E0BDD8EFB}.Debug|x86.ActiveCfg = Debug|Win32
		{B84034A3-72EF-49E7-95A2-EC6E0BDD8EFB}.Debug|x86.Build.0 = Debug|Win32
		{B84034A3-72EF-49E7-95A2-EC6E0BDD8EFB}.Release|x64.ActiveCfg = Release|x64
		{B84034A3-72EF-49E7-95A2-EC6E0BDD8EFB}.Release|x64.Build.0 = Release|x64
		{B84034A3-72EF-49E7-95A2-EC6E0BDD8EFB}.Release|x86.ActiveCfg = Release|Win32
		{B84034A3-72EF-49E7-95A2-EC6E0BDD8EFB}.Release|x86.Build.0 = Release|Win32
	EndGlobalSection
	GlobalSection(SolutionProperties) = preSolution
		HideSolutionNode = FALSE
	EndGlobalSection
	GlobalSection(ExtensibilityGlobals) = postSolution
		SolutionGuid = {A3D0DA72-7BF0-4AF6-B23B-B0CF14839721}
	EndGlobalSection
EndGlobal
